
Microsoft Visual Studio Solution File, Format Version 12.00
# Visual Studio Version 16
VisualStudioVersion = 16.0.28917.181
MinimumVisualStudioVersion = 10.0.40219.1
Project("{9A19103F-16F7-4668-BE54-9A1E7A4F7556}") = "barraider-sdtools", "barraider-sdtools\barraider-sdtools.csproj", "{DABBD97D-6687-4CBD-A19E-AC9FFA3CEF03}"
EndProject
Project("{FAE04EC0-301F-11D3-BF4B-00C04F79EFBC}") = "SamplePlugin", "SamplePlugin\SamplePlugin.csproj", "{4635D874-69C0-4010-BE46-77EF92EB1553}"
EndProject
Global
	GlobalSection(SolutionConfigurationPlatforms) = preSolution
		Debug|Any CPU = Debug|Any CPU
		Release|Any CPU = Release|Any CPU
	EndGlobalSection
	GlobalSection(ProjectConfigurationPlatforms) = postSolution
		{DABBD97D-6687-4CBD-A19E-AC9FFA3CEF03}.Debug|Any CPU.ActiveCfg = Debug|Any CPU
		{DABBD97D-6687-4CBD-A19E-AC9FFA3CEF03}.Debug|Any CPU.Build.0 = Debug|Any CPU
		{DABBD97D-6687-4CBD-A19E-AC9FFA3CEF03}.Release|Any CPU.ActiveCfg = Release|Any CPU
		{DABBD97D-6687-4CBD-A19E-AC9FFA3CEF03}.Release|Any CPU.Build.0 = Release|Any CPU
		{4635D874-69C0-4010-BE46-77EF92EB1553}.Debug|Any CPU.ActiveCfg = Debug|Any CPU
		{4635D874-69C0-4010-BE46-77EF92EB1553}.Debug|Any CPU.Build.0 = Debug|Any CPU
		{4635D874-69C0-4010-BE46-77EF92EB1553}.Release|Any CPU.ActiveCfg = Release|Any CPU
		{4635D874-69C0-4010-BE46-77EF92EB1553}.Release|Any CPU.Build.0 = Release|Any CPU
	EndGlobalSection
	GlobalSection(SolutionProperties) = preSolution
		HideSolutionNode = FALSE
	EndGlobalSection
	GlobalSection(ExtensibilityGlobals) = postSolution
		SolutionGuid = {4FF0FD6C-650D-438B-9C5E-49C9259AE847}
	EndGlobalSection
EndGlobal
